version = 1
revision = 2
requires-python = ">=3.12"

[[package]]
name = "colorama"
version = "0.4.6"
source = { registry = "https://pypi.org/simple" }
sdist = { url = "https://files.pythonhosted.org/packages/d8/53/6f443c9a4a8358a93a6792e2acffb9d9d5cb0a5cfd8802644b7b1c9a02e4/colorama-0.4.6.tar.gz", hash = "sha256:08695f5cb7ed6e0531a20572697297273c47b8cae5a63ffc6d6ed5c201be6e44", size = 27697, upload-time = "2022-10-25T02:36:22.414Z" }
wheels = [
    { url = "https://files.pythonhosted.org/packages/d1/d6/3965ed04c63042e047cb6a3e6ed1a63a35087b6a609aa3a15ed8ac56c221/colorama-0.4.6-py2.py3-none-any.whl", hash = "sha256:4f1d9991f5acc0ca119f9d443620b77f9d6b33703e51011c16baf57afb285fc6", size = 25335, upload-time = "2022-10-25T02:36:20.889Z" },
]

[[package]]
name = "coverage"
version = "7.9.0"
source = { registry = "https://pypi.org/simple" }
sdist = { url = "https://files.pythonhosted.org/packages/06/d1/7b18a2e0d2994e4e108dadf16580ec192e0a9c65f7456ccb82ced059f9bf/coverage-7.9.0.tar.gz", hash = "sha256:1a93b43de2233a7670a8bf2520fed8ebd5eea6a65b47417500a9d882b0533fa2", size = 813385, upload-time = "2025-06-11T23:23:34.004Z" }
wheels = [
    { url = "https://files.pythonhosted.org/packages/dd/6b/7bdef79e79076c7e3303ce2453072528ed13988210fb7a8702bb3d98ea8c/coverage-7.9.0-cp312-cp312-macosx_10_13_x86_64.whl", hash = "sha256:969ed1ed0ab0325b50af3204f9024782180e64fb281f5a2952f479ec60a02aba", size = 212252, upload-time = "2025-06-11T23:22:20.662Z" },
    { url = "https://files.pythonhosted.org/packages/08/fe/7e08dd50c3c3cfdbe822ee11e24da9f418983faefb4f5e52fbffae5beeb2/coverage-7.9.0-cp312-cp312-macosx_11_0_arm64.whl", hash = "sha256:1abd41781c874e716aaeecb8b27db5f4f2bc568f2ed8d41228aa087d567674f0", size = 212491, upload-time = "2025-06-11T23:22:22.002Z" },
    { url = "https://files.pythonhosted.org/packages/d4/65/9793cf61b3e4c5647e70aabd5b9470958ffd341c42f90730beeb4d21af9c/coverage-7.9.0-cp312-cp312-manylinux_2_17_aarch64.manylinux2014_aarch64.whl", hash = "sha256:0eb6e99487dffd28c88a4fc2ea4286beaf0207a43388775900c93e56cc5a8ae3", size = 246294, upload-time = "2025-06-11T23:22:23.297Z" },
    { url = "https://files.pythonhosted.org/packages/2a/c9/fc61695132da06a34b27a49e853010a80d66a5534a1dfa770cb38aca71c0/coverage-7.9.0-cp312-cp312-manylinux_2_5_i686.manylinux1_i686.manylinux_2_17_i686.manylinux2014_i686.whl", hash = "sha256:c425c85ddb62b32d44f83fb20044fe32edceceee1db1f978c062eec020a73ea5", size = 243311, upload-time = "2025-06-11T23:22:24.966Z" },
    { url = "https://files.pythonhosted.org/packages/62/0e/559a86887580d0de390e018bddfa632ae0762eeeb065bb5557f319071527/coverage-7.9.0-cp312-cp312-manylinux_2_5_x86_64.manylinux1_x86_64.manylinux_2_17_x86_64.manylinux2014_x86_64.whl", hash = "sha256:d0a1f7676bc90ceba67caa66850d689947d586f204ccf6478400c2bf39da5790", size = 245503, upload-time = "2025-06-11T23:22:26.316Z" },
    { url = "https://files.pythonhosted.org/packages/45/09/344d012dc91e60b8c7afee11ffae18338780c703a5b5fb32d8d82987e7cb/coverage-7.9.0-cp312-cp312-musllinux_1_2_aarch64.whl", hash = "sha256:f17055c50768d710d6abc789c9469d0353574780935e1381b83e63edc49ff530", size = 245313, upload-time = "2025-06-11T23:22:27.936Z" },
    { url = "https://files.pythonhosted.org/packages/d2/2d/151b23e82aaea28aa7e3c0390d893bd1aef685866132aad36034f7d462b8/coverage-7.9.0-cp312-cp312-musllinux_1_2_i686.whl", hash = "sha256:298d2917a6bfadbb272e08545ed026af3965e4d2fe71e3f38bf0a816818b226e", size = 243495, upload-time = "2025-06-11T23:22:29.72Z" },
    { url = "https://files.pythonhosted.org/packages/74/5c/0da7fd4ad44259b4b61bd429dc642c6511314a356ffa782b924bd1ea9e5c/coverage-7.9.0-cp312-cp312-musllinux_1_2_x86_64.whl", hash = "sha256:d9be5d26e5f817d478506e4d3c4ff7b92f17d980670b4791bf05baaa37ce2f88", size = 244727, upload-time = "2025-06-11T23:22:31.112Z" },
    { url = "https://files.pythonhosted.org/packages/de/08/6ccf2847c5c0d8fcc153bd8f4341d89ab50c85e01a15cabe4a546d3e943e/coverage-7.9.0-cp312-cp312-win32.whl", hash = "sha256:dc2784edd9ac9fe8692fc5505667deb0b05d895c016aaaf641031ed4a5f93d53", size = 214636, upload-time = "2025-06-11T23:22:33.257Z" },
    { url = "https://files.pythonhosted.org/packages/79/fa/ae2c14d49475215372772f7638c333deaaacda8f3c5717a75377d1992c82/coverage-7.9.0-cp312-cp312-win_amd64.whl", hash = "sha256:18223198464a6d5549db1934cf77a15deb24bb88652c4f5f7cb21cd3ad853704", size = 215448, upload-time = "2025-06-11T23:22:35.125Z" },
    { url = "https://files.pythonhosted.org/packages/62/a9/45309219ba08b89cae84b2cb4ccfed8f941850aa7721c4914282fb3c1081/coverage-7.9.0-cp312-cp312-win_arm64.whl", hash = "sha256:3b00194ff3c84d4b821822ff6c041f245fc55d0d5c7833fc4311d082e97595e8", size = 213817, upload-time = "2025-06-11T23:22:36.557Z" },
    { url = "https://files.pythonhosted.org/packages/0b/59/449eb05f795d0050007b57a4efee79b540fa6fcccad813a191351964a001/coverage-7.9.0-cp313-cp313-macosx_10_13_x86_64.whl", hash = "sha256:122c60e92ab66c9c88e17565f67a91b3b3be5617cb50f73cfd34a4c60ed4aab0", size = 212271, upload-time = "2025-06-11T23:22:38.305Z" },
    { url = "https://files.pythonhosted.org/packages/e0/3b/26852a4fb719a6007b0169c1b52116ed14b61267f0bf3ba1e23db516f352/coverage-7.9.0-cp313-cp313-macosx_11_0_arm64.whl", hash = "sha256:813c11b367a6b3cf37212ec36b230f8d086c22b69dbf62877b40939fb2c79e74", size = 212538, upload-time = "2025-06-11T23:22:39.665Z" },
    { url = "https://files.pythonhosted.org/packages/f6/80/99f82896119f36984a5b9189e71c7310fc036613276560b5884b5ee890d7/coverage-7.9.0-cp313-cp313-manylinux_2_17_aarch64.manylinux2014_aarch64.whl", hash = "sha256:3f05e0f5e87f23d43fefe49e86655c6209dd4f9f034786b983e6803cf4554183", size = 245705, upload-time = "2025-06-11T23:22:41.103Z" },
    { url = "https://files.pythonhosted.org/packages/a9/29/0b007deb096dd527c42e933129a8e4d5f9f1026f4953979c3a1e60e7ea9f/coverage-7.9.0-cp313-cp313-manylinux_2_5_i686.manylinux1_i686.manylinux_2_17_i686.manylinux2014_i686.whl", hash = "sha256:62f465886fa4f86d5515da525aead97c5dff13a5cf997fc4c5097a1a59e063b2", size = 242918, upload-time = "2025-06-11T23:22:42.88Z" },
    { url = "https://files.pythonhosted.org/packages/6f/eb/273855b57c7fb387dd9787f250b8b333ba8c1c100877c21e32eb1b24ff29/coverage-7.9.0-cp313-cp313-manylinux_2_5_x86_64.manylinux1_x86_64.manylinux_2_17_x86_64.manylinux2014_x86_64.whl", hash = "sha256:549ea4ca901595bbe3270e1afdef98bf5d4d5791596efbdc90b00449a2bb1f91", size = 244902, upload-time = "2025-06-11T23:22:44.563Z" },
    { url = "https://files.pythonhosted.org/packages/20/57/4e411b47dbfd831538ecf9e5f407e42888b0c56aedbfe0ea7b102a787559/coverage-7.9.0-cp313-cp313-musllinux_1_2_aarch64.whl", hash = "sha256:8cae1d4450945c74a6a65a09864ed3eaa917055cf70aa65f83ac1b9b0d8d5f9a", size = 245069, upload-time = "2025-06-11T23:22:46.352Z" },
    { url = "https://files.pythonhosted.org/packages/91/75/b24cf5703fb325fc4b1899d89984dac117b99e757b9fadd525cad7ecc020/coverage-7.9.0-cp313-cp313-musllinux_1_2_i686.whl", hash = "sha256:d7b263910234c0d5ec913ec79ca921152fe874b805a7bcaf67118ef71708e5d2", size = 243040, upload-time = "2025-06-11T23:22:48.147Z" },
    { url = "https://files.pythonhosted.org/packages/c7/e1/9495751d5315c3d76ee2c7b5dbc1935ab891d45ad585e1910a333dbdef43/coverage-7.9.0-cp313-cp313-musllinux_1_2_x86_64.whl", hash = "sha256:7d7b7425215963da8f5968096a20c5b5c9af4a86a950fcc25dcc2177ab33e9e5", size = 244424, upload-time = "2025-06-11T23:22:49.574Z" },
    { url = "https://files.pythonhosted.org/packages/94/2a/ee504188a586da2379939f37fdc69047d9c46d35c34d1196f2605974a17d/coverage-7.9.0-cp313-cp313-win32.whl", hash = "sha256:e7dcfa92867b0c53d2e22e985c66af946dc09e8bb13c556709e396e90a0adf5c", size = 214677, upload-time = "2025-06-11T23:22:51.394Z" },
    { url = "https://files.pythonhosted.org/packages/80/2b/5eab6518643c7560fe180ba5e0f35a0be3d4fc0a88aa6601120407b1fd03/coverage-7.9.0-cp313-cp313-win_amd64.whl", hash = "sha256:aa34ca040785a2b768da489df0c036364d47a6c1c00bdd8f662b98fd3277d3d4", size = 215482, upload-time = "2025-06-11T23:22:53.151Z" },
    { url = "https://files.pythonhosted.org/packages/fd/7f/9c9c8b736c4f40d7247bea8339afac40d8f6465491440608b3d73c10ffce/coverage-7.9.0-cp313-cp313-win_arm64.whl", hash = "sha256:9c5dcb5cd3c52d84c5f52045e1c87c16bf189c2fbfa57cc0d811a3b4059939df", size = 213852, upload-time = "2025-06-11T23:22:54.568Z" },
    { url = "https://files.pythonhosted.org/packages/e5/83/056464aec8b360dee6f4d7a517dc5ae5a9f462ff895ff536588b42f95b2d/coverage-7.9.0-cp313-cp313t-macosx_10_13_x86_64.whl", hash = "sha256:b52d2fdc1940f90c4572bd48211475a7b102f75a7f9a5e6cfc6e3da7dc380c44", size = 212994, upload-time = "2025-06-11T23:22:56.173Z" },
    { url = "https://files.pythonhosted.org/packages/a3/87/f0291ecaa6baaaedbd428cf8b7e1d16b5dc010718fe7739cce955149ef83/coverage-7.9.0-cp313-cp313t-macosx_11_0_arm64.whl", hash = "sha256:4cc555a3e6ceb8841df01a4634374f5f9635e661f5c307da00bce19819e8bcdf", size = 213212, upload-time = "2025-06-11T23:22:58.051Z" },
    { url = "https://files.pythonhosted.org/packages/16/a0/9eb39541774a5beb662dc4ae98fee23afb947414b6aa1443b53d2ad3ea05/coverage-7.9.0-cp313-cp313t-manylinux_2_17_aarch64.manylinux2014_aarch64.whl", hash = "sha256:244f613617876b7cd32a097788d49c952a8f1698afb25275b2a825a4e895854e", size = 256453, upload-time = "2025-06-11T23:22:59.485Z" },
    { url = "https://files.pythonhosted.org/packages/93/33/d0e99f4c809334dfed20f17234080a9003a713ddb80e33ad22697a8aa8e5/coverage-7.9.0-cp313-cp313t-manylinux_2_5_i686.manylinux1_i686.manylinux_2_17_i686.manylinux2014_i686.whl", hash = "sha256:5c335d77539e66bc6f83e8f1ef207d038129d9b9acd9dc9f0ca42fa9eedf564a", size = 252674, upload-time = "2025-06-11T23:23:00.984Z" },
    { url = "https://files.pythonhosted.org/packages/0b/3a/d2a64e7ee5eb783e44e6ca404f8fc2a45afef052ed6593afb4ce9663dae6/coverage-7.9.0-cp313-cp313t-manylinux_2_5_x86_64.manylinux1_x86_64.manylinux_2_17_x86_64.manylinux2014_x86_64.whl", hash = "sha256:6b335c7077c8da7bb8173d4f9ebd90ff1a97af6a6bec4fc4e6db4856ae80b31e", size = 254830, upload-time = "2025-06-11T23:23:02.445Z" },
    { url = "https://files.pythonhosted.org/packages/e2/6a/9de640f8e2b097d155532d1bc16eb9c5186fccc7c4b8148fe1dd2520875a/coverage-7.9.0-cp313-cp313t-musllinux_1_2_aarch64.whl", hash = "sha256:01cbc2c36895b7ab906514042c92b3fc9dd0526bf1c3251cb6aefd9c71ae6dda", size = 256060, upload-time = "2025-06-11T23:23:03.89Z" },
    { url = "https://files.pythonhosted.org/packages/07/72/928fa3583b9783fc32e3dfafb6cc0cf73bdd73d1dc41e3a973f203c6aeff/coverage-7.9.0-cp313-cp313t-musllinux_1_2_i686.whl", hash = "sha256:1ac62880a9dff0726a193ce77a1bcdd4e8491009cb3a0510d31381e8b2c46d7a", size = 254174, upload-time = "2025-06-11T23:23:05.366Z" },
    { url = "https://files.pythonhosted.org/packages/ad/01/2fd0785f8768693b748e36b442352bc26edf3391246eedcc80d480d06da1/coverage-7.9.0-cp313-cp313t-musllinux_1_2_x86_64.whl", hash = "sha256:95314eb306cf54af3d1147e27ba008cf78eed6f1309a1310772f4f05b12c9c65", size = 255011, upload-time = "2025-06-11T23:23:07.212Z" },
    { url = "https://files.pythonhosted.org/packages/b7/49/1d0120cfa24e001e0d38795388914183c48cd86fc8640ca3b01337831917/coverage-7.9.0-cp313-cp313t-win32.whl", hash = "sha256:c5cbf3ddfb68de8dc8ce33caa9321df27297a032aeaf2e99b278f183fb4ebc37", size = 215349, upload-time = "2025-06-11T23:23:09.037Z" },
    { url = "https://files.pythonhosted.org/packages/9f/48/7625c09621a206fff0b51fcbcf5d6c1162ab10a5ffa546fc132f01c9132b/coverage-7.9.0-cp313-cp313t-win_amd64.whl", hash = "sha256:e3ec9e1525eb7a0f89d31083539b398d921415d884e9f55400002a1e9fe0cf63", size = 216516, upload-time = "2025-06-11T23:23:11.083Z" },
    { url = "https://files.pythonhosted.org/packages/bb/50/048b55c34985c3aafcecb32cced3abc4291969bfd967dbcaed95cfc26b2a/coverage-7.9.0-cp313-cp313t-win_arm64.whl", hash = "sha256:a02efe6769f74245ce476e89db3d4e110db07b4c0c3d3f81728e2464bbbbcb8e", size = 214308, upload-time = "2025-06-11T23:23:12.522Z" },
    { url = "https://files.pythonhosted.org/packages/70/0d/534c1e35cb7688b5c40de93fcca07e3ddc0287659ff85cd376b1dd3f770f/coverage-7.9.0-py3-none-any.whl", hash = "sha256:79ea9a26b27c963cdf541e1eb9ac05311b012bc367d0e31816f1833b06c81c02", size = 203917, upload-time = "2025-06-11T23:23:32.413Z" },
]

[[package]]
name = "iniconfig"
version = "2.1.0"
source = { registry = "https://pypi.org/simple" }
sdist = { url = "https://files.pythonhosted.org/packages/f2/97/ebf4da567aa6827c909642694d71c9fcf53e5b504f2d96afea02718862f3/iniconfig-2.1.0.tar.gz", hash = "sha256:3abbd2e30b36733fee78f9c7f7308f2d0050e88f0087fd25c2645f63c773e1c7", size = 4793, upload-time = "2025-03-19T20:09:59.721Z" }
wheels = [
    { url = "https://files.pythonhosted.org/packages/2c/e1/e6716421ea10d38022b952c159d5161ca1193197fb744506875fbb87ea7b/iniconfig-2.1.0-py3-none-any.whl", hash = "sha256:9deba5723312380e77435581c6bf4935c94cbfab9b1ed33ef8d238ea168eb760", size = 6050, upload-time = "2025-03-19T20:10:01.071Z" },
]

[[package]]
name = "numpy"
version = "2.3.0"
source = { registry = "https://pypi.org/simple" }
sdist = { url = "https://files.pythonhosted.org/packages/f3/db/8e12381333aea300890829a0a36bfa738cac95475d88982d538725143fd9/numpy-2.3.0.tar.gz", hash = "sha256:581f87f9e9e9db2cba2141400e160e9dd644ee248788d6f90636eeb8fd9260a6", size = 20382813, upload-time = "2025-06-07T14:54:32.608Z" }
wheels = [
    { url = "https://files.pythonhosted.org/packages/89/59/9df493df81ac6f76e9f05cdbe013cdb0c9a37b434f6e594f5bd25e278908/numpy-2.3.0-cp312-cp312-macosx_10_13_x86_64.whl", hash = "sha256:389b85335838155a9076e9ad7f8fdba0827496ec2d2dc32ce69ce7898bde03ba", size = 20897025, upload-time = "2025-06-07T14:40:33.558Z" },
    { url = "https://files.pythonhosted.org/packages/2f/86/4ff04335901d6cf3a6bb9c748b0097546ae5af35e455ae9b962ebff4ecd7/numpy-2.3.0-cp312-cp312-macosx_11_0_arm64.whl", hash = "sha256:9498f60cd6bb8238d8eaf468a3d5bb031d34cd12556af53510f05fcf581c1b7e", size = 14129882, upload-time = "2025-06-07T14:40:55.034Z" },
    { url = "https://files.pythonhosted.org/packages/71/8d/a942cd4f959de7f08a79ab0c7e6cecb7431d5403dce78959a726f0f57aa1/numpy-2.3.0-cp312-cp312-macosx_14_0_arm64.whl", hash = "sha256:622a65d40d8eb427d8e722fd410ac3ad4958002f109230bc714fa551044ebae2", size = 5110181, upload-time = "2025-06-07T14:41:04.4Z" },
    { url = "https://files.pythonhosted.org/packages/86/5d/45850982efc7b2c839c5626fb67fbbc520d5b0d7c1ba1ae3651f2f74c296/numpy-2.3.0-cp312-cp312-macosx_14_0_x86_64.whl", hash = "sha256:b9446d9d8505aadadb686d51d838f2b6688c9e85636a0c3abaeb55ed54756459", size = 6647581, upload-time = "2025-06-07T14:41:14.695Z" },
    { url = "https://files.pythonhosted.org/packages/1a/c0/c871d4a83f93b00373d3eebe4b01525eee8ef10b623a335ec262b58f4dc1/numpy-2.3.0-cp312-cp312-manylinux_2_28_aarch64.whl", hash = "sha256:50080245365d75137a2bf46151e975de63146ae6d79f7e6bd5c0e85c9931d06a", size = 14262317, upload-time = "2025-06-07T14:41:35.862Z" },
    { url = "https://files.pythonhosted.org/packages/b7/f6/bc47f5fa666d5ff4145254f9e618d56e6a4ef9b874654ca74c19113bb538/numpy-2.3.0-cp312-cp312-manylinux_2_28_x86_64.whl", hash = "sha256:c24bb4113c66936eeaa0dc1e47c74770453d34f46ee07ae4efd853a2ed1ad10a", size = 16633919, upload-time = "2025-06-07T14:42:00.622Z" },
    { url = "https://files.pythonhosted.org/packages/f5/b4/65f48009ca0c9b76df5f404fccdea5a985a1bb2e34e97f21a17d9ad1a4ba/numpy-2.3.0-cp312-cp312-musllinux_1_2_aarch64.whl", hash = "sha256:4d8d294287fdf685281e671886c6dcdf0291a7c19db3e5cb4178d07ccf6ecc67", size = 15567651, upload-time = "2025-06-07T14:42:24.429Z" },
    { url = "https://files.pythonhosted.org/packages/f1/62/5367855a2018578e9334ed08252ef67cc302e53edc869666f71641cad40b/numpy-2.3.0-cp312-cp312-musllinux_1_2_x86_64.whl", hash = "sha256:6295f81f093b7f5769d1728a6bd8bf7466de2adfa771ede944ce6711382b89dc", size = 18361723, upload-time = "2025-06-07T14:42:51.167Z" },
    { url = "https://files.pythonhosted.org/packages/d4/75/5baed8cd867eabee8aad1e74d7197d73971d6a3d40c821f1848b8fab8b84/numpy-2.3.0-cp312-cp312-win32.whl", hash = "sha256:e6648078bdd974ef5d15cecc31b0c410e2e24178a6e10bf511e0557eed0f2570", size = 6318285, upload-time = "2025-06-07T14:43:02.052Z" },
    { url = "https://files.pythonhosted.org/packages/bc/49/d5781eaa1a15acb3b3a3f49dc9e2ff18d92d0ce5c2976f4ab5c0a7360250/numpy-2.3.0-cp312-cp312-win_amd64.whl", hash = "sha256:0898c67a58cdaaf29994bc0e2c65230fd4de0ac40afaf1584ed0b02cd74c6fdd", size = 12732594, upload-time = "2025-06-07T14:43:21.071Z" },
    { url = "https://files.pythonhosted.org/packages/c2/1c/6d343e030815c7c97a1f9fbad00211b47717c7fe446834c224bd5311e6f1/numpy-2.3.0-cp312-cp312-win_arm64.whl", hash = "sha256:bd8df082b6c4695753ad6193018c05aac465d634834dca47a3ae06d4bb22d9ea", size = 9891498, upload-time = "2025-06-07T14:43:36.332Z" },
    { url = "https://files.pythonhosted.org/packages/73/fc/1d67f751fd4dbafc5780244fe699bc4084268bad44b7c5deb0492473127b/numpy-2.3.0-cp313-cp313-macosx_10_13_x86_64.whl", hash = "sha256:5754ab5595bfa2c2387d241296e0381c21f44a4b90a776c3c1d39eede13a746a", size = 20889633, upload-time = "2025-06-07T14:44:06.839Z" },
    { url = "https://files.pythonhosted.org/packages/e8/95/73ffdb69e5c3f19ec4530f8924c4386e7ba097efc94b9c0aff607178ad94/numpy-2.3.0-cp313-cp313-macosx_11_0_arm64.whl", hash = "sha256:d11fa02f77752d8099573d64e5fe33de3229b6632036ec08f7080f46b6649959", size = 14151683, upload-time = "2025-06-07T14:44:28.847Z" },
    { url = "https://files.pythonhosted.org/packages/64/d5/06d4bb31bb65a1d9c419eb5676173a2f90fd8da3c59f816cc54c640ce265/numpy-2.3.0-cp313-cp313-macosx_14_0_arm64.whl", hash = "sha256:aba48d17e87688a765ab1cd557882052f238e2f36545dfa8e29e6a91aef77afe", size = 5102683, upload-time = "2025-06-07T14:44:38.417Z" },
    { url = "https://files.pythonhosted.org/packages/12/8b/6c2cef44f8ccdc231f6b56013dff1d71138c48124334aded36b1a1b30c5a/numpy-2.3.0-cp313-cp313-macosx_14_0_x86_64.whl", hash = "sha256:4dc58865623023b63b10d52f18abaac3729346a7a46a778381e0e3af4b7f3beb", size = 6640253, upload-time = "2025-06-07T14:44:49.359Z" },
    { url = "https://files.pythonhosted.org/packages/62/aa/fca4bf8de3396ddb59544df9b75ffe5b73096174de97a9492d426f5cd4aa/numpy-2.3.0-cp313-cp313-manylinux_2_28_aarch64.whl", hash = "sha256:df470d376f54e052c76517393fa443758fefcdd634645bc9c1f84eafc67087f0", size = 14258658, upload-time = "2025-06-07T14:45:10.156Z" },
    { url = "https://files.pythonhosted.org/packages/1c/12/734dce1087eed1875f2297f687e671cfe53a091b6f2f55f0c7241aad041b/numpy-2.3.0-cp313-cp313-manylinux_2_28_x86_64.whl", hash = "sha256:87717eb24d4a8a64683b7a4e91ace04e2f5c7c77872f823f02a94feee186168f", size = 16628765, upload-time = "2025-06-07T14:45:35.076Z" },
    { url = "https://files.pythonhosted.org/packages/48/03/ffa41ade0e825cbcd5606a5669962419528212a16082763fc051a7247d76/numpy-2.3.0-cp313-cp313-musllinux_1_2_aarch64.whl", hash = "sha256:d8fa264d56882b59dcb5ea4d6ab6f31d0c58a57b41aec605848b6eb2ef4a43e8", size = 15564335, upload-time = "2025-06-07T14:45:58.797Z" },
    { url = "https://files.pythonhosted.org/packages/07/58/869398a11863310aee0ff85a3e13b4c12f20d032b90c4b3ee93c3b728393/numpy-2.3.0-cp313-cp313-musllinux_1_2_x86_64.whl", hash = "sha256:e651756066a0eaf900916497e20e02fe1ae544187cb0fe88de981671ee7f6270", size = 18360608, upload-time = "2025-06-07T14:46:25.687Z" },
    { url = "https://files.pythonhosted.org/packages/2f/8a/5756935752ad278c17e8a061eb2127c9a3edf4ba2c31779548b336f23c8d/numpy-2.3.0-cp313-cp313-win32.whl", hash = "sha256:e43c3cce3b6ae5f94696669ff2a6eafd9a6b9332008bafa4117af70f4b88be6f", size = 6310005, upload-time = "2025-06-07T14:50:13.138Z" },
    { url = "https://files.pythonhosted.org/packages/08/60/61d60cf0dfc0bf15381eaef46366ebc0c1a787856d1db0c80b006092af84/numpy-2.3.0-cp313-cp313-win_amd64.whl", hash = "sha256:81ae0bf2564cf475f94be4a27ef7bcf8af0c3e28da46770fc904da9abd5279b5", size = 12729093, upload-time = "2025-06-07T14:50:31.82Z" },
    { url = "https://files.pythonhosted.org/packages/66/31/2f2f2d2b3e3c32d5753d01437240feaa32220b73258c9eef2e42a0832866/numpy-2.3.0-cp313-cp313-win_arm64.whl", hash = "sha256:c8738baa52505fa6e82778580b23f945e3578412554d937093eac9205e845e6e", size = 9885689, upload-time = "2025-06-07T14:50:47.888Z" },
    { url = "https://files.pythonhosted.org/packages/f1/89/c7828f23cc50f607ceb912774bb4cff225ccae7131c431398ad8400e2c98/numpy-2.3.0-cp313-cp313t-macosx_10_13_x86_64.whl", hash = "sha256:39b27d8b38942a647f048b675f134dd5a567f95bfff481f9109ec308515c51d8", size = 20986612, upload-time = "2025-06-07T14:46:56.077Z" },
    { url = "https://files.pythonhosted.org/packages/dd/46/79ecf47da34c4c50eedec7511e53d57ffdfd31c742c00be7dc1d5ffdb917/numpy-2.3.0-cp313-cp313t-macosx_11_0_arm64.whl", hash = "sha256:0eba4a1ea88f9a6f30f56fdafdeb8da3774349eacddab9581a21234b8535d3d3", size = 14298953, upload-time = "2025-06-07T14:47:18.053Z" },
    { url = "https://files.pythonhosted.org/packages/59/44/f6caf50713d6ff4480640bccb2a534ce1d8e6e0960c8f864947439f0ee95/numpy-2.3.0-cp313-cp313t-macosx_14_0_arm64.whl", hash = "sha256:b0f1f11d0a1da54927436505a5a7670b154eac27f5672afc389661013dfe3d4f", size = 5225806, upload-time = "2025-06-07T14:47:27.524Z" },
    { url = "https://files.pythonhosted.org/packages/a6/43/e1fd1aca7c97e234dd05e66de4ab7a5be54548257efcdd1bc33637e72102/numpy-2.3.0-cp313-cp313t-macosx_14_0_x86_64.whl", hash = "sha256:690d0a5b60a47e1f9dcec7b77750a4854c0d690e9058b7bef3106e3ae9117808", size = 6735169, upload-time = "2025-06-07T14:47:38.057Z" },
    { url = "https://files.pythonhosted.org/packages/84/89/f76f93b06a03177c0faa7ca94d0856c4e5c4bcaf3c5f77640c9ed0303e1c/numpy-2.3.0-cp313-cp313t-manylinux_2_28_aarch64.whl", hash = "sha256:8b51ead2b258284458e570942137155978583e407babc22e3d0ed7af33ce06f8", size = 14330701, upload-time = "2025-06-07T14:47:59.113Z" },
    { url = "https://files.pythonhosted.org/packages/aa/f5/4858c3e9ff7a7d64561b20580cf7cc5d085794bd465a19604945d6501f6c/numpy-2.3.0-cp313-cp313t-manylinux_2_28_x86_64.whl", hash = "sha256:aaf81c7b82c73bd9b45e79cfb9476cb9c29e937494bfe9092c26aece812818ad", size = 16692983, upload-time = "2025-06-07T14:48:24.196Z" },
    { url = "https://files.pythonhosted.org/packages/08/17/0e3b4182e691a10e9483bcc62b4bb8693dbf9ea5dc9ba0b77a60435074bb/numpy-2.3.0-cp313-cp313t-musllinux_1_2_aarch64.whl", hash = "sha256:f420033a20b4f6a2a11f585f93c843ac40686a7c3fa514060a97d9de93e5e72b", size = 15641435, upload-time = "2025-06-07T14:48:47.712Z" },
    { url = "https://files.pythonhosted.org/packages/4e/d5/463279fda028d3c1efa74e7e8d507605ae87f33dbd0543cf4c4527c8b882/numpy-2.3.0-cp313-cp313t-musllinux_1_2_x86_64.whl", hash = "sha256:d344ca32ab482bcf8735d8f95091ad081f97120546f3d250240868430ce52555", size = 18433798, upload-time = "2025-06-07T14:49:14.866Z" },
    { url = "https://files.pythonhosted.org/packages/0e/1e/7a9d98c886d4c39a2b4d3a7c026bffcf8fbcaf518782132d12a301cfc47a/numpy-2.3.0-cp313-cp313t-win32.whl", hash = "sha256:48a2e8eaf76364c32a1feaa60d6925eaf32ed7a040183b807e02674305beef61", size = 6438632, upload-time = "2025-06-07T14:49:25.67Z" },
    { url = "https://files.pythonhosted.org/packages/fe/ab/66fc909931d5eb230107d016861824f335ae2c0533f422e654e5ff556784/numpy-2.3.0-cp313-cp313t-win_amd64.whl", hash = "sha256:ba17f93a94e503551f154de210e4d50c5e3ee20f7e7a1b5f6ce3f22d419b93bb", size = 12868491, upload-time = "2025-06-07T14:49:44.898Z" },
    { url = "https://files.pythonhosted.org/packages/ee/e8/2c8a1c9e34d6f6d600c83d5ce5b71646c32a13f34ca5c518cc060639841c/numpy-2.3.0-cp313-cp313t-win_arm64.whl", hash = "sha256:f14e016d9409680959691c109be98c436c6249eaf7f118b424679793607b5944", size = 9935345, upload-time = "2025-06-07T14:50:02.311Z" },
]

[[package]]
name = "packaging"
version = "25.0"
source = { registry = "https://pypi.org/simple" }
sdist = { url = "https://files.pythonhosted.org/packages/a1/d4/1fc4078c65507b51b96ca8f8c3ba19e6a61c8253c72794544580a7b6c24d/packaging-25.0.tar.gz", hash = "sha256:d443872c98d677bf60f6a1f2f8c1cb748e8fe762d2bf9d3148b5599295b0fc4f", size = 165727, upload-time = "2025-04-19T11:48:59.673Z" }
wheels = [
    { url = "https://files.pythonhosted.org/packages/20/12/38679034af332785aac8774540895e234f4d07f7545804097de4b666afd8/packaging-25.0-py3-none-any.whl", hash = "sha256:29572ef2b1f17581046b3a2227d5c611fb25ec70ca1ba8554b24b0e69331a484", size = 66469, upload-time = "2025-04-19T11:48:57.875Z" },
]

[[package]]
name = "pluggy"
version = "1.6.0"
source = { registry = "https://pypi.org/simple" }
sdist = { url = "https://files.pythonhosted.org/packages/f9/e2/3e91f31a7d2b083fe6ef3fa267035b518369d9511ffab804f839851d2779/pluggy-1.6.0.tar.gz", hash = "sha256:7dcc130b76258d33b90f61b658791dede3486c3e6bfb003ee5c9bfb396dd22f3", size = 69412, upload-time = "2025-05-15T12:30:07.975Z" }
wheels = [
    { url = "https://files.pythonhosted.org/packages/54/20/4d324d65cc6d9205fabedc306948156824eb9f0ee1633355a8f7ec5c66bf/pluggy-1.6.0-py3-none-any.whl", hash = "sha256:e920276dd6813095e9377c0bc5566d94c932c33b27a3e3945d8389c374dd4746", size = 20538, upload-time = "2025-05-15T12:30:06.134Z" },
]

[[package]]
name = "pygments"
version = "2.19.1"
source = { registry = "https://pypi.org/simple" }
sdist = { url = "https://files.pythonhosted.org/packages/7c/2d/c3338d48ea6cc0feb8446d8e6937e1408088a72a39937982cc6111d17f84/pygments-2.19.1.tar.gz", hash = "sha256:61c16d2a8576dc0649d9f39e089b5f02bcd27fba10d8fb4dcc28173f7a45151f", size = 4968581, upload-time = "2025-01-06T17:26:30.443Z" }
wheels = [
    { url = "https://files.pythonhosted.org/packages/8a/0b/9fcc47d19c48b59121088dd6da2488a49d5f72dacf8262e2790a1d2c7d15/pygments-2.19.1-py3-none-any.whl", hash = "sha256:9ea1544ad55cecf4b8242fab6dd35a93bbce657034b0611ee383099054ab6d8c", size = 1225293, upload-time = "2025-01-06T17:26:25.553Z" },
]

[[package]]
name = "pytest"
version = "8.4.0"
source = { registry = "https://pypi.org/simple" }
dependencies = [
    { name = "colorama", marker = "sys_platform == 'win32'" },
    { name = "iniconfig" },
    { name = "packaging" },
    { name = "pluggy" },
    { name = "pygments" },
]
sdist = { url = "https://files.pythonhosted.org/packages/fb/aa/405082ce2749be5398045152251ac69c0f3578c7077efc53431303af97ce/pytest-8.4.0.tar.gz", hash = "sha256:14d920b48472ea0dbf68e45b96cd1ffda4705f33307dcc86c676c1b5104838a6", size = 1515232, upload-time = "2025-06-02T17:36:30.03Z" }
wheels = [
    { url = "https://files.pythonhosted.org/packages/2f/de/afa024cbe022b1b318a3d224125aa24939e99b4ff6f22e0ba639a2eaee47/pytest-8.4.0-py3-none-any.whl", hash = "sha256:f40f825768ad76c0977cbacdf1fd37c6f7a468e460ea6a0636078f8972d4517e", size = 363797, upload-time = "2025-06-02T17:36:27.859Z" },
]

[[package]]
name = "shapely"
version = "2.1.1"
source = { registry = "https://pypi.org/simple" }
dependencies = [
    { name = "numpy" },
]
sdist = { url = "https://files.pythonhosted.org/packages/ca/3c/2da625233f4e605155926566c0e7ea8dda361877f48e8b1655e53456f252/shapely-2.1.1.tar.gz", hash = "sha256:500621967f2ffe9642454808009044c21e5b35db89ce69f8a2042c2ffd0e2772", size = 315422, upload-time = "2025-05-19T11:04:41.265Z" }
wheels = [
    { url = "https://files.pythonhosted.org/packages/fb/64/9544dc07dfe80a2d489060791300827c941c451e2910f7364b19607ea352/shapely-2.1.1-cp312-cp312-macosx_10_13_x86_64.whl", hash = "sha256:2827365b58bf98efb60affc94a8e01c56dd1995a80aabe4b701465d86dcbba43", size = 1833021, upload-time = "2025-05-19T11:04:08.022Z" },
    { url = "https://files.pythonhosted.org/packages/07/aa/fb5f545e72e89b6a0f04a0effda144f5be956c9c312c7d4e00dfddbddbcf/shapely-2.1.1-cp312-cp312-macosx_11_0_arm64.whl", hash = "sha256:a9c551f7fa7f1e917af2347fe983f21f212863f1d04f08eece01e9c275903fad", size = 1643018, upload-time = "2025-05-19T11:04:09.343Z" },
    { url = "https://files.pythonhosted.org/packages/03/46/61e03edba81de729f09d880ce7ae5c1af873a0814206bbfb4402ab5c3388/shapely-2.1.1-cp312-cp312-manylinux_2_17_aarch64.manylinux2014_aarch64.whl", hash = "sha256:78dec4d4fbe7b1db8dc36de3031767e7ece5911fb7782bc9e95c5cdec58fb1e9", size = 2986417, upload-time = "2025-05-19T11:04:10.56Z" },
    { url = "https://files.pythonhosted.org/packages/1f/1e/83ec268ab8254a446b4178b45616ab5822d7b9d2b7eb6e27cf0b82f45601/shapely-2.1.1-cp312-cp312-manylinux_2_17_x86_64.manylinux2014_x86_64.whl", hash = "sha256:872d3c0a7b8b37da0e23d80496ec5973c4692920b90de9f502b5beb994bbaaef", size = 3098224, upload-time = "2025-05-19T11:04:11.903Z" },
    { url = "https://files.pythonhosted.org/packages/f1/44/0c21e7717c243e067c9ef8fa9126de24239f8345a5bba9280f7bb9935959/shapely-2.1.1-cp312-cp312-musllinux_1_2_aarch64.whl", hash = "sha256:2e2b9125ebfbc28ecf5353511de62f75a8515ae9470521c9a693e4bb9fbe0cf1", size = 3925982, upload-time = "2025-05-19T11:04:13.224Z" },
    { url = "https://files.pythonhosted.org/packages/15/50/d3b4e15fefc103a0eb13d83bad5f65cd6e07a5d8b2ae920e767932a247d1/shapely-2.1.1-cp312-cp312-musllinux_1_2_x86_64.whl", hash = "sha256:4b96cea171b3d7f6786976a0520f178c42792897653ecca0c5422fb1e6946e6d", size = 4089122, upload-time = "2025-05-19T11:04:14.477Z" },
    { url = "https://files.pythonhosted.org/packages/bd/05/9a68f27fc6110baeedeeebc14fd86e73fa38738c5b741302408fb6355577/shapely-2.1.1-cp312-cp312-win32.whl", hash = "sha256:39dca52201e02996df02e447f729da97cfb6ff41a03cb50f5547f19d02905af8", size = 1522437, upload-time = "2025-05-19T11:04:16.203Z" },
    { url = "https://files.pythonhosted.org/packages/bc/e9/a4560e12b9338842a1f82c9016d2543eaa084fce30a1ca11991143086b57/shapely-2.1.1-cp312-cp312-win_amd64.whl", hash = "sha256:13d643256f81d55a50013eff6321142781cf777eb6a9e207c2c9e6315ba6044a", size = 1703479, upload-time = "2025-05-19T11:04:18.497Z" },
    { url = "https://files.pythonhosted.org/packages/71/8e/2bc836437f4b84d62efc1faddce0d4e023a5d990bbddd3c78b2004ebc246/shapely-2.1.1-cp313-cp313-macosx_10_13_x86_64.whl", hash = "sha256:3004a644d9e89e26c20286d5fdc10f41b1744c48ce910bd1867fdff963fe6c48", size = 1832107, upload-time = "2025-05-19T11:04:19.736Z" },
    { url = "https://files.pythonhosted.org/packages/12/a2/12c7cae5b62d5d851c2db836eadd0986f63918a91976495861f7c492f4a9/shapely-2.1.1-cp313-cp313-macosx_11_0_arm64.whl", hash = "sha256:1415146fa12d80a47d13cfad5310b3c8b9c2aa8c14a0c845c9d3d75e77cb54f6", size = 1642355, upload-time = "2025-05-19T11:04:21.035Z" },
    { url = "https://files.pythonhosted.org/packages/5b/7e/6d28b43d53fea56de69c744e34c2b999ed4042f7a811dc1bceb876071c95/shapely-2.1.1-cp313-cp313-manylinux_2_17_aarch64.manylinux2014_aarch64.whl", hash = "sha256:21fcab88b7520820ec16d09d6bea68652ca13993c84dffc6129dc3607c95594c", size = 2968871, upload-time = "2025-05-19T11:04:22.167Z" },
    { url = "https://files.pythonhosted.org/packages/dd/87/1017c31e52370b2b79e4d29e07cbb590ab9e5e58cf7e2bdfe363765d6251/shapely-2.1.1-cp313-cp313-manylinux_2_17_x86_64.manylinux2014_x86_64.whl", hash = "sha256:e5ce6a5cc52c974b291237a96c08c5592e50f066871704fb5b12be2639d9026a", size = 3080830, upload-time = "2025-05-19T11:04:23.997Z" },
    { url = "https://files.pythonhosted.org/packages/1d/fe/f4a03d81abd96a6ce31c49cd8aaba970eaaa98e191bd1e4d43041e57ae5a/shapely-2.1.1-cp313-cp313-musllinux_1_2_aarch64.whl", hash = "sha256:04e4c12a45a1d70aeb266618d8cf81a2de9c4df511b63e105b90bfdfb52146de", size = 3908961, upload-time = "2025-05-19T11:04:25.702Z" },
    { url = "https://files.pythonhosted.org/packages/ef/59/7605289a95a6844056a2017ab36d9b0cb9d6a3c3b5317c1f968c193031c9/shapely-2.1.1-cp313-cp313-musllinux_1_2_x86_64.whl", hash = "sha256:6ca74d851ca5264aae16c2b47e96735579686cb69fa93c4078070a0ec845b8d8", size = 4079623, upload-time = "2025-05-19T11:04:27.171Z" },
    { url = "https://files.pythonhosted.org/packages/bc/4d/9fea036eff2ef4059d30247128b2d67aaa5f0b25e9fc27e1d15cc1b84704/shapely-2.1.1-cp313-cp313-win32.whl", hash = "sha256:fd9130501bf42ffb7e0695b9ea17a27ae8ce68d50b56b6941c7f9b3d3453bc52", size = 1521916, upload-time = "2025-05-19T11:04:28.405Z" },
    { url = "https://files.pythonhosted.org/packages/12/d9/6d13b8957a17c95794f0c4dfb65ecd0957e6c7131a56ce18d135c1107a52/shapely-2.1.1-cp313-cp313-win_amd64.whl", hash = "sha256:ab8d878687b438a2f4c138ed1a80941c6ab0029e0f4c785ecfe114413b498a97", size = 1702746, upload-time = "2025-05-19T11:04:29.643Z" },
    { url = "https://files.pythonhosted.org/packages/60/36/b1452e3e7f35f5f6454d96f3be6e2bb87082720ff6c9437ecc215fa79be0/shapely-2.1.1-cp313-cp313t-macosx_10_13_x86_64.whl", hash = "sha256:0c062384316a47f776305ed2fa22182717508ffdeb4a56d0ff4087a77b2a0f6d", size = 1833482, upload-time = "2025-05-19T11:04:30.852Z" },
    { url = "https://files.pythonhosted.org/packages/ce/ca/8e6f59be0718893eb3e478141285796a923636dc8f086f83e5b0ec0036d0/shapely-2.1.1-cp313-cp313t-macosx_11_0_arm64.whl", hash = "sha256:4ecf6c196b896e8f1360cc219ed4eee1c1e5f5883e505d449f263bd053fb8c05", size = 1642256, upload-time = "2025-05-19T11:04:32.068Z" },
    { url = "https://files.pythonhosted.org/packages/ab/78/0053aea449bb1d4503999525fec6232f049abcdc8df60d290416110de943/shapely-2.1.1-cp313-cp313t-manylinux_2_17_aarch64.manylinux2014_aarch64.whl", hash = "sha256:fb00070b4c4860f6743c600285109c273cca5241e970ad56bb87bef0be1ea3a0", size = 3016614, upload-time = "2025-05-19T11:04:33.7Z" },
    { url = "https://files.pythonhosted.org/packages/ee/53/36f1b1de1dfafd1b457dcbafa785b298ce1b8a3e7026b79619e708a245d5/shapely-2.1.1-cp313-cp313t-manylinux_2_17_x86_64.manylinux2014_x86_64.whl", hash = "sha256:d14a9afa5fa980fbe7bf63706fdfb8ff588f638f145a1d9dbc18374b5b7de913", size = 3093542, upload-time = "2025-05-19T11:04:34.952Z" },
    { url = "https://files.pythonhosted.org/packages/b9/bf/0619f37ceec6b924d84427c88835b61f27f43560239936ff88915c37da19/shapely-2.1.1-cp313-cp313t-musllinux_1_2_aarch64.whl", hash = "sha256:b640e390dabde790e3fb947198b466e63223e0a9ccd787da5f07bcb14756c28d", size = 3945961, upload-time = "2025-05-19T11:04:36.32Z" },
    { url = "https://files.pythonhosted.org/packages/93/c9/20ca4afeb572763b07a7997f00854cb9499df6af85929e93012b189d8917/shapely-2.1.1-cp313-cp313t-musllinux_1_2_x86_64.whl", hash = "sha256:69e08bf9697c1b73ec6aa70437db922bafcea7baca131c90c26d59491a9760f9", size = 4089514, upload-time = "2025-05-19T11:04:37.683Z" },
    { url = "https://files.pythonhosted.org/packages/33/6a/27036a5a560b80012a544366bceafd491e8abb94a8db14047b5346b5a749/shapely-2.1.1-cp313-cp313t-win32.whl", hash = "sha256:ef2d09d5a964cc90c2c18b03566cf918a61c248596998a0301d5b632beadb9db", size = 1540607, upload-time = "2025-05-19T11:04:38.925Z" },
    { url = "https://files.pythonhosted.org/packages/ea/f1/5e9b3ba5c7aa7ebfaf269657e728067d16a7c99401c7973ddf5f0cf121bd/shapely-2.1.1-cp313-cp313t-win_amd64.whl", hash = "sha256:8cb8f17c377260452e9d7720eeaf59082c5f8ea48cf104524d953e5d36d4bdb7", size = 1723061, upload-time = "2025-05-19T11:04:40.082Z" },
]

[[package]]
name = "surfscientificcomputing"
version = "0.1.0"
source = { editable = "." }
dependencies = [
    { name = "shapely" },
]

[package.optional-dependencies]
dev = [
    { name = "coverage" },
    { name = "pytest" },
]

[package.metadata]
requires-dist = [
    { name = "coverage", marker = "extra == 'dev'" },
    { name = "pytest", marker = "extra == 'dev'" },
    { name = "shapely" },
]
provides-extras = ["dev"]
